
Microsoft Visual Studio Solution File, Format Version 12.00
# Visual Studio Version 16
VisualStudioVersion = 16.0.31702.278
MinimumVisualStudioVersion = 10.0.40219.1
Project("{FAE04EC0-301F-11D3-BF4B-00C04F79EFBC}") = "ControlWindows", "ControlWindows\ControlWindows.csproj", "{904E2A4A-E2F6-4121-A6BE-1BFBC265563E}"
EndProject
Global
	GlobalSection(SolutionConfigurationPlatforms) = preSolution
		Debug|Any CPU = Debug|Any CPU
		Release|Any CPU = Release|Any CPU
	EndGlobalSection
	GlobalSection(ProjectConfigurationPlatforms) = postSolution
		{904E2A4A-E2F6-4121-A6BE-1BFBC265563E}.Debug|Any CPU.ActiveCfg = Debug|Any CPU
		{904E2A4A-E2F6-4121-A6BE-1BFBC265563E}.Debug|Any CPU.Build.0 = Debug|Any CPU
		{904E2A4A-E2F6-4121-A6BE-1BFBC265563E}.Release|Any CPU.ActiveCfg = Release|Any CPU
		{904E2A4A-E2F6-4121-A6BE-1BFBC265563E}.Release|Any CPU.Build.0 = Release|Any CPU
	EndGlobalSection
	GlobalSection(SolutionProperties) = preSolution
		HideSolutionNode = FALSE
	EndGlobalSection
	GlobalSection(ExtensibilityGlobals) = postSolution
		SolutionGuid = {3B268DEF-842C-41F7-9C2B-1BBA49262FE5}
	EndGlobalSection
EndGlobal
